Microsoft Visual Studio Solution File, Format Version 12.00
# Visual Studio Version 17
VisualStudioVersion = 17.5.2.0
MinimumVisualStudioVersion = 10.0.40219.1
Project("{FAE04EC0-301F-11D3-BF4B-00C04F79EFBC}") = "programGraph", "programGraph.csproj", "{8AC4E9FD-7F40-6AF2-9C47-0F7EF056B4AB}"
EndProject
Global
	GlobalSection(SolutionConfigurationPlatforms) = preSolution
		Debug|Any CPU = Debug|Any CPU
		Release|Any CPU = Release|Any CPU
	EndGlobalSection
	GlobalSection(ProjectConfigurationPlatforms) = postSolution
		{8AC4E9FD-7F40-6AF2-9C47-0F7EF056B4AB}.Debug|Any CPU.ActiveCfg = Debug|Any CPU
		{8AC4E9FD-7F40-6AF2-9C47-0F7EF056B4AB}.Debug|Any CPU.Build.0 = Debug|Any CPU
		{8AC4E9FD-7F40-6AF2-9C47-0F7EF056B4AB}.Release|Any CPU.ActiveCfg = Release|Any CPU
		{8AC4E9FD-7F40-6AF2-9C47-0F7EF056B4AB}.Release|Any CPU.Build.0 = Release|Any CPU
	EndGlobalSection
	GlobalSection(SolutionProperties) = preSolution
		HideSolutionNode = FALSE
	EndGlobalSection
	GlobalSection(ExtensibilityGlobals) = postSolution
		SolutionGuid = {F01F619B-0504-40FC-AD5F-9B65D4C27CC2}
	EndGlobalSection
EndGlobal
